// !$*UTF8*$!
{
	archiveVersion = 1;
	classes = {
	};
	objectVersion = 50;
	objects = {

/* Begin PBXBuildFile section */
		DE64F57425DB8C1300FD3D23 /* JHsApp.swift in Sources */ = {isa = PBXBuildFile; fileRef = DE64F57325DB8C1300FD3D23 /* JHsApp.swift */; };
		DE64F57625DB8C1300FD3D23 /* ContentView.swift in Sources */ = {isa = PBXBuildFile; fileRef = DE64F57525DB8C1300FD3D23 /* ContentView.swift */; };
		DE64F57825DB8C1500FD3D23 /* Assets.xcassets in Resources */ = {isa = PBXBuildFile; fileRef = DE64F57725DB8C1500FD3D23 /* Assets.xcassets */; };
		DE64F57B25DB8C1500FD3D23 /* Preview Assets.xcassets in Resources */ = {isa = PBXBuildFile; fileRef = DE64F57A25DB8C1500FD3D23 /* Preview Assets.xcassets */; };
		DE64F58625DB8C1500FD3D23 /* JHsTests.swift in Sources */ = {isa = PBXBuildFile; fileRef = DE64F58525DB8C1500FD3D23 /* JHsTests.swift */; };
		DE64F59125DB8C1500FD3D23 /* JHsUITests.swift in Sources */ = {isa = PBXBuildFile; fileRef = DE64F59025DB8C1500FD3D23 /* JHsUITests.swift */; };
/* End PBXBuildFile section */

/* Begin PBXContainerItemProxy section */
		DE64F58225DB8C1500FD3D23 /* PBXContainerItemProxy */ = {
			isa = PBXContainerItemProxy;
			containerPortal = DE64F56825DB8C1300FD3D23 /* Project object */;
			proxyType = 1;
			remoteGlobalIDString = DE64F56F25DB8C1300FD3D23;
			remoteInfo = JHs;
		};
		DE64F58D25DB8C1500FD3D23 /* PBXContainerItemProxy */ = {
			isa = PBXContainerItemProxy;
			containerPortal = DE64F56825DB8C1300FD3D23 /* Project object */;
			proxyType = 1;
			remoteGlobalIDString = DE64F56F25DB8C1300FD3D23;
			remoteInfo = JHs;
		};
/* End PBXContainerItemProxy section */

/* Begin PBXFileReference section */
		DE64F57025DB8C1300FD3D23 /* JHs.app */ = {isa = PBXFileReference; explicitFileType = wrapper.application; includeInIndex = 0; path = JHs.app; sourceTree = BUILT_PRODUCTS_DIR; };
		DE64F57325DB8C1300FD3D23 /* JHsApp.swift */ = {isa = PBXFileReference; lastKnownFileType = sourcecode.swift; path = JHsApp.swift; sourceTree = "<group>"; };
		DE64F57525DB8C1300FD3D23 /* ContentView.swift */ = {isa = PBXFileReference; lastKnownFileType = sourcecode.swift; path = ContentView.swift; sourceTree = "<group>"; };
		DE64F57725DB8C1500FD3D23 /* Assets.xcassets */ = {isa = PBXFileReference; lastKnownFileType = folder.assetcatalog; path = Assets.xcassets; sourceTree = "<group>"; };
		DE64F57A25DB8C1500FD3D23 /* Preview Assets.xcassets */ = {isa = PBXFileReference; lastKnownFileType = folder.assetcatalog; path = "Preview Assets.xcassets"; sourceTree = "<group>"; };
		DE64F57C25DB8C1500FD3D23 /* Info.plist */ = {isa = PBXFileReference; lastKnownFileType = text.plist.xml; path = Info.plist; sourceTree = "<group>"; };
		DE64F58125DB8C1500FD3D23 /* JHsTests.xctest */ = {isa = PBXFileReference; explicitFileType = wrapper.cfbundle; includeInIndex = 0; path = JHsTests.xctest; sourceTree = BUILT_PRODUCTS_DIR; };
		DE64F58525DB8C1500FD3D23 /* JHsTests.swift */ = {isa = PBXFileReference; lastKnownFileType = sourcecode.swift; path = JHsTests.swift; sourceTree = "<group>"; };
		DE64F58725DB8C1500FD3D23 /* Info.plist */ = {isa = PBXFileReference; lastKnownFileType = text.plist.xml; path = Info.plist; sourceTree = "<group>"; };
		DE64F58C25DB8C1500FD3D23 /* JHsUITests.xctest */ = {isa = PBXFileReference; explicitFileType = wrapper.cfbundle; includeInIndex = 0; path = JHsUITests.xctest; sourceTree = BUILT_PRODUCTS_DIR; };
		DE64F59025DB8C1500FD3D23 /* JHsUITests.swift */ = {isa = PBXFileReference; lastKnownFileType = sourcecode.swift; path = JHsUITests.swift; sourceTree = "<group>"; };
		DE64F59225DB8C1500FD3D23 /* Info.plist */ = {isa = PBXFileReference; lastKnownFileType = text.plist.xml; path = Info.plist; sourceTree = "<group>"; };
/* End PBXFileReference section */

/* Begin PBXFrameworksBuildPhase section */
		DE64F56D25DB8C1300FD3D23 /* Frameworks */ = {
			isa = PBXFrameworksBuildPhase;
			buildActionMask = 2147483647;
			files = (
			);
			runOnlyForDeploymentPostprocessing = 0;
		};
		DE64F57E25DB8C1500FD3D23 /* Frameworks */ = {
			isa = PBXFrameworksBuildPhase;
			buildActionMask = 2147483647;
			files = (
			);
			runOnlyForDeploymentPostprocessing = 0;
		};
		DE64F58925DB8C1500FD3D23 /* Frameworks */ = {
			isa = PBXFrameworksBuildPhase;
			buildActionMask = 2147483647;
			files = (
			);
			runOnlyForDeploymentPostprocessing = 0;
		};
/* End PBXFrameworksBuildPhase section */

/* Begin PBXGroup section */
		DE64F56725DB8C1300FD3D23 = {
			isa = PBXGroup;
			children = (
				DE64F57225DB8C1300FD3D23 /* JHs */,
				DE64F58425DB8C1500FD3D23 /* JHsTests */,
				DE64F58F25DB8C1500FD3D23 /* JHsUITests */,
				DE64F57125DB8C1300FD3D23 /* Products */,
			);
			sourceTree = "<group>";
		};
		DE64F57125DB8C1300FD3D23 /* Products */ = {
			isa = PBXGroup;
			children = (
				DE64F57025DB8C1300FD3D23 /* JHs.app */,
				DE64F58125DB8C1500FD3D23 /* JHsTests.xctest */,
				DE64F58C25DB8C1500FD3D23 /* JHsUITests.xctest */,
			);
			name = Products;
			sourceTree = "<group>";
		};
		DE64F57225DB8C1300FD3D23 /* JHs */ = {
			isa = PBXGroup;
			children = (
				DE64F57325DB8C1300FD3D23 /* JHsApp.swift */,
				DE64F57525DB8C1300FD3D23 /* ContentView.swift */,
				DE64F57725DB8C1500FD3D23 /* Assets.xcassets */,
				DE64F57C25DB8C1500FD3D23 /* Info.plist */,
				DE64F57925DB8C1500FD3D23 /* Preview Content */,
			);
			path = JHs;
			sourceTree = "<group>";
		};
		DE64F57925DB8C1500FD3D23 /* Preview Content */ = {
			isa = PBXGroup;
			children = (
				DE64F57A25DB8C1500FD3D23 /* Preview Assets.xcassets */,
			);
			path = "Preview Content";
			sourceTree = "<group>";
		};
		DE64F58425DB8C1500FD3D23 /* JHsTests */ = {
			isa = PBXGroup;
			children = (
				DE64F58525DB8C1500FD3D23 /* JHsTests.swift */,
				DE64F58725DB8C1500FD3D23 /* Info.plist */,
			);
			path = JHsTests;
			sourceTree = "<group>";
		};
		DE64F58F25DB8C1500FD3D23 /* JHsUITests */ = {
			isa = PBXGroup;
			children = (
				DE64F59025DB8C1500FD3D23 /* JHsUITests.swift */,
				DE64F59225DB8C1500FD3D23 /* Info.plist */,
			);
			path = JHsUITests;
			sourceTree = "<group>";
		};
/* End PBXGroup section */

/* Begin PBXNativeTarget section */
		DE64F56F25DB8C1300FD3D23 /* JHs */ = {
			isa = PBXNativeTarget;
			buildConfigurationList = DE64F59525DB8C1500FD3D23 /* Build configuration list for PBXNativeTarget "JHs" */;
			buildPhases = (
				DE64F56C25DB8C1300FD3D23 /* Sources */,
				DE64F56D25DB8C1300FD3D23 /* Frameworks */,
				DE64F56E25DB8C1300FD3D23 /* Resources */,
			);
			buildRules = (
			);
			dependencies = (
			);
			name = JHs;
			productName = JHs;
			productReference = DE64F57025DB8C1300FD3D23 /* JHs.app */;
			productType = "com.apple.product-type.application";
		};
		DE64F58025DB8C1500FD3D23 /* JHsTests */ = {
			isa = PBXNativeTarget;
			buildConfigurationList = DE64F59825DB8C1500FD3D23 /* Build configuration list for PBXNativeTarget "JHsTests" */;
			buildPhases = (
				DE64F57D25DB8C1500FD3D23 /* Sources */,
				DE64F57E25DB8C1500FD3D23 /* Frameworks */,
				DE64F57F25DB8C1500FD3D23 /* Resources */,
			);
			buildRules = (
			);
			dependencies = (
				DE64F58325DB8C1500FD3D23 /* PBXTargetDependency */,
			);
			name = JHsTests;
			productName = JHsTests;
			productReference = DE64F58125DB8C1500FD3D23 /* JHsTests.xctest */;
			productType = "com.apple.product-type.bundle.unit-test";
		};
		DE64F58B25DB8C1500FD3D23 /* JHsUITests */ = {
			isa = PBXNativeTarget;
			buildConfigurationList = DE64F59B25DB8C1500FD3D23 /* Build configuration list for PBXNativeTarget "JHsUITests" */;
			buildPhases = (
				DE64F58825DB8C1500FD3D23 /* Sources */,
				DE64F58925DB8C1500FD3D23 /* Frameworks */,
				DE64F58A25DB8C1500FD3D23 /* Resources */,
			);
			buildRules = (
			);
			dependencies = (
				DE64F58E25DB8C1500FD3D23 /* PBXTargetDependency */,
			);
			name = JHsUITests;
			productName = JHsUITests;
			productReference = DE64F58C25DB8C1500FD3D23 /* JHsUITests.xctest */;
			productType = "com.apple.product-type.bundle.ui-testing";
		};
/* End PBXNativeTarget section */

/* Begin PBXProject section */
		DE64F56825DB8C1300FD3D23 /* Project object */ = {
			isa = PBXProject;
			attributes = {
				LastSwiftUpdateCheck = 1230;
				LastUpgradeCheck = 1230;
				TargetAttributes = {
					DE64F56F25DB8C1300FD3D23 = {
						CreatedOnToolsVersion = 12.3;
					};
					DE64F58025DB8C1500FD3D23 = {
						CreatedOnToolsVersion = 12.3;
						TestTargetID = DE64F56F25DB8C1300FD3D23;
					};
					DE64F58B25DB8C1500FD3D23 = {
						CreatedOnToolsVersion = 12.3;
						TestTargetID = DE64F56F25DB8C1300FD3D23;
					};
				};
			};
			buildConfigurationList = DE64F56B25DB8C1300FD3D23 /* Build configuration list for PBXProject "JHs" */;
			compatibilityVersion = "Xcode 9.3";
			developmentRegion = en;
			hasScannedForEncodings = 0;
			knownRegions = (
				en,
				Base,
			);
			mainGroup = DE64F56725DB8C1300FD3D23;
			productRefGroup = DE64F57125DB8C1300FD3D23 /* Products */;
			projectDirPath = "";
			projectRoot = "";
			targets = (
				DE64F56F25DB8C1300FD3D23 /* JHs */,
				DE64F58025DB8C1500FD3D23 /* JHsTests */,
				DE64F58B25DB8C1500FD3D23 /* JHsUITests */,
			);
		};
/* End PBXProject section */

/* Begin PBXResourcesBuildPhase section */
		DE64F56E25DB8C1300FD3D23 /* Resources */ = {
			isa = PBXResourcesBuildPhase;
			buildActionMask = 2147483647;
			files = (
				DE64F57B25DB8C1500FD3D23 /* Preview Assets.xcassets in Resources */,
				DE64F57825DB8C1500FD3D23 /* Assets.xcassets in Resources */,
			);
			runOnlyForDeploymentPostprocessing = 0;
		};
		DE64F57F25DB8C1500FD3D23 /* Resources */ = {
			isa = PBXResourcesBuildPhase;
			buildActionMask = 2147483647;
			files = (
			);
			runOnlyForDeploymentPostprocessing = 0;
		};
		DE64F58A25DB8C1500FD3D23 /* Resources */ = {
			isa = PBXResourcesBuildPhase;
			buildActionMask = 2147483647;
			files = (
			);
			runOnlyForDeploymentPostprocessing = 0;
		};
/* End PBXResourcesBuildPhase section */

/* Begin PBXSourcesBuildPhase section */
		DE64F56C25DB8C1300FD3D23 /* Sources */ = {
			isa = PBXSourcesBuildPhase;
			buildActionMask = 2147483647;
			files = (
				DE64F57625DB8C1300FD3D23 /* ContentView.swift in Sources */,
				DE64F57425DB8C1300FD3D23 /* JHsApp.swift in Sources */,
			);
			runOnlyForDeploymentPostprocessing = 0;
		};
		DE64F57D25DB8C1500FD3D23 /* Sources */ = {
			isa = PBXSourcesBuildPhase;
			buildActionMask = 2147483647;
			files = (
				DE64F58625DB8C1500FD3D23 /* JHsTests.swift in Sources */,
			);
			runOnlyForDeploymentPostprocessing = 0;
		};
		DE64F58825DB8C1500FD3D23 /* Sources */ = {
			isa = PBXSourcesBuildPhase;
			buildActionMask = 2147483647;
			files = (
				DE64F59125DB8C1500FD3D23 /* JHsUITests.swift in Sources */,
			);
			runOnlyForDeploymentPostprocessing = 0;
		};
/* End PBXSourcesBuildPhase section */

/* Begin PBXTargetDependency section */
		DE64F58325DB8C1500FD3D23 /* PBXTargetDependency */ = {
			isa = PBXTargetDependency;
			target = DE64F56F25DB8C1300FD3D23 /* JHs */;
			targetProxy = DE64F58225DB8C1500FD3D23 /* PBXContainerItemProxy */;
		};
		DE64F58E25DB8C1500FD3D23 /* PBXTargetDependency */ = {
			isa = PBXTargetDependency;
			target = DE64F56F25DB8C1300FD3D23 /* JHs */;
			targetProxy = DE64F58D25DB8C1500FD3D23 /* PBXContainerItemProxy */;
		};
/* End PBXTargetDependency section */

/* Begin XCBuildConfiguration section */
		DE64F59325DB8C1500FD3D23 /* Debug */ = {
			isa = XCBuildConfiguration;
			buildSettings = {
				ALWAYS_SEARCH_USER_PATHS = NO;
				CLANG_ANALYZER_NONNULL = YES;
				CLANG_ANALYZER_NUMBER_OBJECT_CONVERSION = YES_AGGRESSIVE;
				CLANG_CXX_LANGUAGE_STANDARD = "gnu++14";
				CLANG_CXX_LIBRARY = "libc++";
				CLANG_ENABLE_MODULES = YES;
				CLANG_ENABLE_OBJC_ARC = YES;
				CLANG_ENABLE_OBJC_WEAK = YES;
				CLANG_WARN_BLOCK_CAPTURE_AUTORELEASING = YES;
				CLANG_WARN_BOOL_CONVERSION = YES;
				CLANG_WARN_COMMA = YES;
				CLANG_WARN_CONSTANT_CONVERSION = YES;
				CLANG_WARN_DEPRECATED_OBJC_IMPLEMENTATIONS = YES;
				CLANG_WARN_DIRECT_OBJC_ISA_USAGE = YES_ERROR;
				CLANG_WARN_DOCUMENTATION_COMMENTS = YES;
				CLANG_WARN_EMPTY_BODY = YES;
				CLANG_WARN_ENUM_CONVERSION = YES;
				CLANG_WARN_INFINITE_RECURSION = YES;
				CLANG_WARN_INT_CONVERSION = YES;
				CLANG_WARN_NON_LITERAL_NULL_CONVERSION = YES;
				CLANG_WARN_OBJC_IMPLICIT_RETAIN_SELF = YES;
				CLANG_WARN_OBJC_LITERAL_CONVERSION = YES;
				CLANG_WARN_OBJC_ROOT_CLASS = YES_ERROR;
				CLANG_WARN_QUOTED_INCLUDE_IN_FRAMEWORK_HEADER = YES;
				CLANG_WARN_RANGE_LOOP_ANALYSIS = YES;
				CLANG_WARN_STRICT_PROTOTYPES = YES;
				CLANG_WARN_SUSPICIOUS_MOVE = YES;
				CLANG_WARN_UNGUARDED_AVAILABILITY = YES_AGGRESSIVE;
				CLANG_WARN_UNREACHABLE_CODE = YES;
				CLANG_WARN__DUPLICATE_METHOD_MATCH = YES;
				COPY_PHASE_STRIP = NO;
				DEBUG_INFORMATION_FORMAT = dwarf;
				ENABLE_STRICT_OBJC_MSGSEND = YES;
				ENABLE_TESTABILITY = YES;
				GCC_C_LANGUAGE_STANDARD = gnu11;
				GCC_DYNAMIC_NO_PIC = NO;
				GCC_NO_COMMON_BLOCKS = YES;
				GCC_OPTIMIZATION_LEVEL = 0;
				GCC_PREPROCESSOR_DEFINITIONS = (
					"DEBUG=1",
					"$(inherited)",
				);
				GCC_WARN_64_TO_32_BIT_CONVERSION = YES;
				GCC_WARN_ABOUT_RETURN_TYPE = YES_ERROR;
				GCC_WARN_UNDECLARED_SELECTOR = YES;
				GCC_WARN_UNINITIALIZED_AUTOS = YES_AGGRESSIVE;
				GCC_WARN_UNUSED_FUNCTION = YES;
				GCC_WARN_UNUSED_VARIABLE = YES;
				IPHONEOS_DEPLOYMENT_TARGET = 14.3;
				MTL_ENABLE_DEBUG_INFO = INCLUDE_SOURCE;
				MTL_FAST_MATH = YES;
				ONLY_ACTIVE_ARCH = YES;
				SDKROOT = iphoneos;
				SWIFT_ACTIVE_COMPILATION_CONDITIONS = DEBUG;
				SWIFT_OPTIMIZATION_LEVEL = "-Onone";
			};
			name = Debug;
		};
		DE64F59425DB8C1500FD3D23 /* Release */ = {
			isa = XCBuildConfiguration;
			buildSettings = {
				ALWAYS_SEARCH_USER_PATHS = NO;
				CLANG_ANALYZER_NONNULL = YES;
				CLANG_ANALYZER_NUMBER_OBJECT_CONVERSION = YES_AGGRESSIVE;
				CLANG_CXX_LANGUAGE_STANDARD = "gnu++14";
				CLANG_CXX_LIBRARY = "libc++";
				CLANG_ENABLE_MODULES = YES;
				CLANG_ENABLE_OBJC_ARC = YES;
				CLANG_ENABLE_OBJC_WEAK = YES;
				CLANG_WARN_BLOCK_CAPTURE_AUTORELEASING = YES;
				CLANG_WARN_BOOL_CONVERSION = YES;
				CLANG_WARN_COMMA = YES;
				CLANG_WARN_CONSTANT_CONVERSION = YES;
				CLANG_WARN_DEPRECATED_OBJC_IMPLEMENTATIONS = YES;
				CLANG_WARN_DIRECT_OBJC_ISA_USAGE = YES_ERROR;
				CLANG_WARN_DOCUMENTATION_COMMENTS = YES;
				CLANG_WARN_EMPTY_BODY = YES;
				CLANG_WARN_ENUM_CONVERSION = YES;
				CLANG_WARN_INFINITE_RECURSION = YES;
				CLANG_WARN_INT_CONVERSION = YES;
				CLANG_WARN_NON_LITERAL_NULL_CONVERSION = YES;
				CLANG_WARN_OBJC_IMPLICIT_RETAIN_SELF = YES;
				CLANG_WARN_OBJC_LITERAL_CONVERSION = YES;
				CLANG_WARN_OBJC_ROOT_CLASS = YES_ERROR;
				CLANG_WARN_QUOTED_INCLUDE_IN_FRAMEWORK_HEADER = YES;
				CLANG_WARN_RANGE_LOOP_ANALYSIS = YES;
				CLANG_WARN_STRICT_PROTOTYPES = YES;
				CLANG_WARN_SUSPICIOUS_MOVE = YES;
				CLANG_WARN_UNGUARDED_AVAILABILITY = YES_AGGRESSIVE;
				CLANG_WARN_UNREACHABLE_CODE = YES;
				CLANG_WARN__DUPLICATE_METHOD_MATCH = YES;
				COPY_PHASE_STRIP = NO;
				DEBUG_INFORMATION_FORMAT = "dwarf-with-dsym";
				ENABLE_NS_ASSERTIONS = NO;
				ENABLE_STRICT_OBJC_MSGSEND = YES;
				GCC_C_LANGUAGE_STANDARD = gnu11;
				GCC_NO_COMMON_BLOCKS = YES;
				GCC_WARN_64_TO_32_BIT_CONVERSION = YES;
				GCC_WARN_ABOUT_RETURN_TYPE = YES_ERROR;
				GCC_WARN_UNDECLARED_SELECTOR = YES;
				GCC_WARN_UNINITIALIZED_AUTOS = YES_AGGRESSIVE;
				GCC_WARN_UNUSED_FUNCTION = YES;
				GCC_WARN_UNUSED_VARIABLE = YES;
				IPHONEOS_DEPLOYMENT_TARGET = 14.3;
				MTL_ENABLE_DEBUG_INFO = NO;
				MTL_FAST_MATH = YES;
				SDKROOT = iphoneos;
				SWIFT_COMPILATION_MODE = wholemodule;
				SWIFT_OPTIMIZATION_LEVEL = "-O";
				VALIDATE_PRODUCT = YES;
			};
			name = Release;
		};
		DE64F59625DB8C1500FD3D23 /* Debug */ = {
			isa = XCBuildConfiguration;
			buildSettings = {
				ASSETCATALOG_COMPILER_APPICON_NAME = AppIcon;
				ASSETCATALOG_COMPILER_GLOBAL_ACCENT_COLOR_NAME = AccentColor;
				CODE_SIGN_STYLE = Automatic;
				DEVELOPMENT_ASSET_PATHS = "\"JHs/Preview Content\"";
				ENABLE_PREVIEWS = YES;
				INFOPLIST_FILE = JHs/Info.plist;
				IPHONEOS_DEPLOYMENT_TARGET = 14.0;
				LD_RUNPATH_SEARCH_PATHS = (
					"$(inherited)",
					"@executable_path/Frameworks",
				);
				PRODUCT_BUNDLE_IDENTIFIER = com.psg.JHs;
				PRODUCT_NAME = "$(TARGET_NAME)";
				SWIFT_VERSION = 5.0;
				TARGETED_DEVICE_FAMILY = "1,2";
			};
			name = Debug;
		};
		DE64F59725DB8C1500FD3D23 /* Release */ = {
			isa = XCBuildConfiguration;
			buildSettings = {
				ASSETCATALOG_COMPILER_APPICON_NAME = AppIcon;
				ASSETCATALOG_COMPILER_GLOBAL_ACCENT_COLOR_NAME = AccentColor;
				CODE_SIGN_STYLE = Automatic;
				DEVELOPMENT_ASSET_PATHS = "\"JHs/Preview Content\"";
				ENABLE_PREVIEWS = YES;
				INFOPLIST_FILE = JHs/Info.plist;
				IPHONEOS_DEPLOYMENT_TARGET = 14.0;
				LD_RUNPATH_SEARCH_PATHS = (
					"$(inherited)",
					"@executable_path/Frameworks",
				);
				PRODUCT_BUNDLE_IDENTIFIER = com.psg.JHs;
				PRODUCT_NAME = "$(TARGET_NAME)";
				SWIFT_VERSION = 5.0;
				TARGETED_DEVICE_FAMILY = "1,2";
			};
			name = Release;
		};
		DE64F59925DB8C1500FD3D23 /* Debug */ = {
			isa = XCBuildConfiguration;
			buildSettings = {
				ALWAYS_EMBED_SWIFT_STANDARD_LIBRARIES = YES;
				BUNDLE_LOADER = "$(TEST_HOST)";
				CODE_SIGN_STYLE = Automatic;
				INFOPLIST_FILE = JHsTests/Info.plist;
				IPHONEOS_DEPLOYMENT_TARGET = 14.0;
				LD_RUNPATH_SEARCH_PATHS = (
					"$(inherited)",
					"@executable_path/Frameworks",
					"@loader_path/Frameworks",
				);
				PRODUCT_BUNDLE_IDENTIFIER = com.psg.JHsTests;
				PRODUCT_NAME = "$(TARGET_NAME)";
				SWIFT_VERSION = 5.0;
				TARGETED_DEVICE_FAMILY = "1,2";
				TEST_HOST = "$(BUILT_PRODUCTS_DIR)/JHs.app/JHs";
			};
			name = Debug;
		};
		DE64F59A25DB8C1500FD3D23 /* Release */ = {
			isa = XCBuildConfiguration;
			buildSettings = {
				ALWAYS_EMBED_SWIFT_STANDARD_LIBRARIES = YES;
				BUNDLE_LOADER = "$(TEST_HOST)";
				CODE_SIGN_STYLE = Automatic;
				INFOPLIST_FILE = JHsTests/Info.plist;
				IPHONEOS_DEPLOYMENT_TARGET = 14.0;
				LD_RUNPATH_SEARCH_PATHS = (
					"$(inherited)",
					"@executable_path/Frameworks",
					"@loader_path/Frameworks",
				);
				PRODUCT_BUNDLE_IDENTIFIER = com.psg.JHsTests;
				PRODUCT_NAME = "$(TARGET_NAME)";
				SWIFT_VERSION = 5.0;
				TARGETED_DEVICE_FAMILY = "1,2";
				TEST_HOST = "$(BUILT_PRODUCTS_DIR)/JHs.app/JHs";
			};
			name = Release;
		};
		DE64F59C25DB8C1500FD3D23 /* Debug */ = {
			isa = XCBuildConfiguration;
			buildSettings = {
				ALWAYS_EMBED_SWIFT_STANDARD_LIBRARIES = YES;
				CODE_SIGN_STYLE = Automatic;
				INFOPLIST_FILE = JHsUITests/Info.plist;
				LD_RUNPATH_SEARCH_PATHS = (
					"$(inherited)",
					"@executable_path/Frameworks",
					"@loader_path/Frameworks",
				);
				PRODUCT_BUNDLE_IDENTIFIER = com.psg.JHsUITests;
				PRODUCT_NAME = "$(TARGET_NAME)";
				SWIFT_VERSION = 5.0;
				TARGETED_DEVICE_FAMILY = "1,2";
				TEST_TARGET_NAME = JHs;
			};
			name = Debug;
		};
		DE64F59D25DB8C1500FD3D23 /* Release */ = {
			isa = XCBuildConfiguration;
			buildSettings = {
				ALWAYS_EMBED_SWIFT_STANDARD_LIBRARIES = YES;
				CODE_SIGN_STYLE = Automatic;
				INFOPLIST_FILE = JHsUITests/Info.plist;
				LD_RUNPATH_SEARCH_PATHS = (
					"$(inherited)",
					"@executable_path/Frameworks",
					"@loader_path/Frameworks",
				);
				PRODUCT_BUNDLE_IDENTIFIER = com.psg.JHsUITests;
				PRODUCT_NAME = "$(TARGET_NAME)";
				SWIFT_VERSION = 5.0;
				TARGETED_DEVICE_FAMILY = "1,2";
				TEST_TARGET_NAME = JHs;
			};
			name = Release;
		};
/* End XCBuildConfiguration section */

/* Begin XCConfigurationList section */
		DE64F56B25DB8C1300FD3D23 /* Build configuration list for PBXProject "JHs" */ = {
			isa = XCConfigurationList;
			buildConfigurations = (
				DE64F59325DB8C1500FD3D23 /* Debug */,
				DE64F59425DB8C1500FD3D23 /* Release */,
			);
			defaultConfigurationIsVisible = 0;
			defaultConfigurationName = Release;
		};
		DE64F59525DB8C1500FD3D23 /* Build configuration list for PBXNativeTarget "JHs" */ = {
			isa = XCConfigurationList;
			buildConfigurations = (
				DE64F59625DB8C1500FD3D23 /* Debug */,
				DE64F59725DB8C1500FD3D23 /* Release */,
			);
			defaultConfigurationIsVisible = 0;
			defaultConfigurationName = Release;
		};
		DE64F59825DB8C1500FD3D23 /* Build configuration list for PBXNativeTarget "JHsTests" */ = {
			isa = XCConfigurationList;
			buildConfigurations = (
				DE64F59925DB8C1500FD3D23 /* Debug */,
				DE64F59A25DB8C1500FD3D23 /* Release */,
			);
			defaultConfigurationIsVisible = 0;
			defaultConfigurationName = Release;
		};
		DE64F59B25DB8C1500FD3D23 /* Build configuration list for PBXNativeTarget "JHsUITests" */ = {
			isa = XCConfigurationList;
			buildConfigurations = (
				DE64F59C25DB8C1500FD3D23 /* Debug */,
				DE64F59D25DB8C1500FD3D23 /* Release */,
			);
			defaultConfigurationIsVisible = 0;
			defaultConfigurationName = Release;
		};
/* End XCConfigurationList section */
	};
	rootObject = DE64F56825DB8C1300FD3D23 /* Project object */;
}
